<Solution>
  <Configurations>
    <Platform Name="Any CPU" />
    <Platform Name="x64" />
    <Platform Name="x86" />
  </Configurations>
  <Folder Name="/src/">
    <Project Path="src/RaindropAI.Core/RaindropAI.Core.csproj" />
    <Project Path="src/RaindropAI.Infrastructure/RaindropAI.Infrastructure.csproj" />
    <Project Path="src/RaindropAI.Worker/RaindropAI.Worker.csproj" />
  </Folder>
  <Folder Name="/tests/">
    <Project Path="tests/RaindropAI.Core.Tests/RaindropAI.Core.Tests.csproj" />
    <Project Path="tests/RaindropAI.Infrastructure.Tests/RaindropAI.Infrastructure.Tests.csproj" />
  </Folder>
</Solution>
