
Microsoft Visual Studio Solution File, Format Version 12.00
# Visual Studio Version 17
VisualStudioVersion = 17.0.31903.59
MinimumVisualStudioVersion = 10.0.40219.1
Project("{2150E333-8FDC-42A3-9474-1A3956D46DE8}") = "src", "src", "{827E0CD3-B72D-47B6-A68D-7590B98EB39B}"
EndProject
Project("{FAE04EC0-301F-11D3-BF4B-00C04F79EFBC}") = "RaindropAI.Core", "src\RaindropAI.Core\RaindropAI.Core.csproj", "{48FD6995-0D6F-4136-A173-8D4EBED454D9}"
EndProject
Project("{FAE04EC0-301F-11D3-BF4B-00C04F79EFBC}") = "RaindropAI.Infrastructure", "src\RaindropAI.Infrastructure\RaindropAI.Infrastructure.csproj", "{2D317762-E4C3-4FA8-BF22-D293CC345700}"
EndProject
Project("{FAE04EC0-301F-11D3-BF4B-00C04F79EFBC}") = "RaindropAI.Worker", "src\RaindropAI.Worker\RaindropAI.Worker.csproj", "{D8277CF8-ACCB-463D-B03F-79A761F11878}"
EndProject
Project("{FAE04EC0-301F-11D3-BF4B-00C04F79EFBC}") = "RaindropAI.Core.Tests", "tests\RaindropAI.Core.Tests\RaindropAI.Core.Tests.csproj", "{99533A34-43CD-4542-80B4-28E0D15D2AD0}"
EndProject
Project("{FAE04EC0-301F-11D3-BF4B-00C04F79EFBC}") = "RaindropAI.Infrastructure.Tests", "tests\RaindropAI.Infrastructure.Tests\RaindropAI.Infrastructure.Tests.csproj", "{84DF9BB4-B435-4915-954E-DFF607AE3449}"
EndProject
Project("{2150E333-8FDC-42A3-9474-1A3956D46DE8}") = "tests", "tests", "{0AB3BF05-4346-4AA6-1389-037BE0695223}"
EndProject
Global
	GlobalSection(SolutionConfigurationPlatforms) = preSolution
		Debug|Any CPU = Debug|Any CPU
		Debug|x64 = Debug|x64
		Debug|x86 = Debug|x86
		Release|Any CPU = Release|Any CPU
		Release|x64 = Release|x64
		Release|x86 = Release|x86
	EndGlobalSection
	GlobalSection(ProjectConfigurationPlatforms) = postSolution
		{48FD6995-0D6F-4136-A173-8D4EBED454D9}.Debug|Any CPU.ActiveCfg = Debug|Any CPU
		{48FD6995-0D6F-4136-A173-8D4EBED454D9}.Debug|Any CPU.Build.0 = Debug|Any CPU
		{48FD6995-0D6F-4136-A173-8D4EBED454D9}.Debug|x64.ActiveCfg = Debug|Any CPU
		{48FD6995-0D6F-4136-A173-8D4EBED454D9}.Debug|x64.Build.0 = Debug|Any CPU
		{48FD6995-0D6F-4136-A173-8D4EBED454D9}.Debug|x86.ActiveCfg = Debug|Any CPU
		{48FD6995-0D6F-4136-A173-8D4EBED454D9}.Debug|x86.Build.0 = Debug|Any CPU
		{48FD6995-0D6F-4136-A173-8D4EBED454D9}.Release|Any CPU.ActiveCfg = Release|Any CPU
		{48FD6995-0D6F-4136-A173-8D4EBED454D9}.Release|Any CPU.Build.0 = Release|Any CPU
		{48FD6995-0D6F-4136-A173-8D4EBED454D9}.Release|x64.ActiveCfg = Release|Any CPU
		{48FD6995-0D6F-4136-A173-8D4EBED454D9}.Release|x64.Build.0 = Release|Any CPU
		{48FD6995-0D6F-4136-A173-8D4EBED454D9}.Release|x86.ActiveCfg = Release|Any CPU
		{48FD6995-0D6F-4136-A173-8D4EBED454D9}.Release|x86.Build.0 = Release|Any CPU
		{2D317762-E4C3-4FA8-BF22-D293CC345700}.Debug|Any CPU.ActiveCfg = Debug|Any CPU
		{2D317762-E4C3-4FA8-BF22-D293CC345700}.Debug|Any CPU.Build.0 = Debug|Any CPU
		{2D317762-E4C3-4FA8-BF22-D293CC345700}.Debug|x64.ActiveCfg = Debug|Any CPU
		{2D317762-E4C3-4FA8-BF22-D293CC345700}.Debug|x64.Build.0 = Debug|Any CPU
		{2D317762-E4C3-4FA8-BF22-D293CC345700}.Debug|x86.ActiveCfg = Debug|Any CPU
		{2D317762-E4C3-4FA8-BF22-D293CC345700}.Debug|x86.Build.0 = Debug|Any CPU
		{2D317762-E4C3-4FA8-BF22-D293CC345700}.Release|Any CPU.ActiveCfg = Release|Any CPU
		{2D317762-E4C3-4FA8-BF22-D293CC345700}.Release|Any CPU.Build.0 = Release|Any CPU
		{2D317762-E4C3-4FA8-BF22-D293CC345700}.Release|x64.ActiveCfg = Release|Any CPU
		{2D317762-E4C3-4FA8-BF22-D293CC345700}.Release|x64.Build.0 = Release|Any CPU
		{2D317762-E4C3-4FA8-BF22-D293CC345700}.Release|x86.ActiveCfg = Release|Any CPU
		{2D317762-E4C3-4FA8-BF22-D293CC345700}.Release|x86.Build.0 = Release|Any CPU
		{D8277CF8-ACCB-463D-B03F-79A761F11878}.Debug|Any CPU.ActiveCfg = Debug|Any CPU
		{D8277CF8-ACCB-463D-B03F-79A761F11878}.Debug|Any CPU.Build.0 = Debug|Any CPU
		{D8277CF8-ACCB-463D-B03F-79A761F11878}.Debug|x64.ActiveCfg = Debug|Any CPU
		{D8277CF8-ACCB-463D-B03F-79A761F11878}.Debug|x64.Build.0 = Debug|Any CPU
		{D8277CF8-ACCB-463D-B03F-79A761F11878}.Debug|x86.ActiveCfg = Debug|Any CPU
		{D8277CF8-ACCB-463D-B03F-79A761F11878}.Debug|x86.Build.0 = Debug|Any CPU
		{D8277CF8-ACCB-463D-B03F-79A761F11878}.Release|Any CPU.ActiveCfg = Release|Any CPU
		{D8277CF8-ACCB-463D-B03F-79A761F11878}.Release|Any CPU.Build.0 = Release|Any CPU
		{D8277CF8-ACCB-463D-B03F-79A761F11878}.Release|x64.ActiveCfg = Release|Any CPU
		{D8277CF8-ACCB-463D-B03F-79A761F11878}.Release|x64.Build.0 = Release|Any CPU
		{D8277CF8-ACCB-463D-B03F-79A761F11878}.Release|x86.ActiveCfg = Release|Any CPU
		{D8277CF8-ACCB-463D-B03F-79A761F11878}.Release|x86.Build.0 = Release|Any CPU
		{99533A34-43CD-4542-80B4-28E0D15D2AD0}.Debug|Any CPU.ActiveCfg = Debug|Any CPU
		{99533A34-43CD-4542-80B4-28E0D15D2AD0}.Debug|Any CPU.Build.0 = Debug|Any CPU
		{99533A34-43CD-4542-80B4-28E0D15D2AD0}.Debug|x64.ActiveCfg = Debug|Any CPU
		{99533A34-43CD-4542-80B4-28E0D15D2AD0}.Debug|x64.Build.0 = Debug|Any CPU
		{99533A34-43CD-4542-80B4-28E0D15D2AD0}.Debug|x86.ActiveCfg = Debug|Any CPU
		{99533A34-43CD-4542-80B4-28E0D15D2AD0}.Debug|x86.Build.0 = Debug|Any CPU
		{99533A34-43CD-4542-80B4-28E0D15D2AD0}.Release|Any CPU.ActiveCfg = Release|Any CPU
		{99533A34-43CD-4542-80B4-28E0D15D2AD0}.Release|Any CPU.Build.0 = Release|Any CPU
		{99533A34-43CD-4542-80B4-28E0D15D2AD0}.Release|x64.ActiveCfg = Release|Any CPU
		{99533A34-43CD-4542-80B4-28E0D15D2AD0}.Release|x64.Build.0 = Release|Any CPU
		{99533A34-43CD-4542-80B4-28E0D15D2AD0}.Release|x86.ActiveCfg = Release|Any CPU
		{99533A34-43CD-4542-80B4-28E0D15D2AD0}.Release|x86.Build.0 = Release|Any CPU
		{84DF9BB4-B435-4915-954E-DFF607AE3449}.Debug|Any CPU.ActiveCfg = Debug|Any CPU
		{84DF9BB4-B435-4915-954E-DFF607AE3449}.Debug|Any CPU.Build.0 = Debug|Any CPU
		{84DF9BB4-B435-4915-954E-DFF607AE3449}.Debug|x64.ActiveCfg = Debug|Any CPU
		{84DF9BB4-B435-4915-954E-DFF607AE3449}.Debug|x64.Build.0 = Debug|Any CPU
		{84DF9BB4-B435-4915-954E-DFF607AE3449}.Debug|x86.ActiveCfg = Debug|Any CPU
		{84DF9BB4-B435-4915-954E-DFF607AE3449}.Debug|x86.Build.0 = Debug|Any CPU
		{84DF9BB4-B435-4915-954E-DFF607AE3449}.Release|Any CPU.ActiveCfg = Release|Any CPU
		{84DF9BB4-B435-4915-954E-DFF607AE3449}.Release|Any CPU.Build.0 = Release|Any CPU
		{84DF9BB4-B435-4915-954E-DFF607AE3449}.Release|x64.ActiveCfg = Release|Any CPU
		{84DF9BB4-B435-4915-954E-DFF607AE3449}.Release|x64.Build.0 = Release|Any CPU
		{84DF9BB4-B435-4915-954E-DFF607AE3449}.Release|x86.ActiveCfg = Release|Any CPU
		{84DF9BB4-B435-4915-954E-DFF607AE3449}.Release|x86.Build.0 = Release|Any CPU
	EndGlobalSection
	GlobalSection(SolutionProperties) = preSolution
		HideSolutionNode = FALSE
	EndGlobalSection
	GlobalSection(NestedProjects) = preSolution
		{48FD6995-0D6F-4136-A173-8D4EBED454D9} = {827E0CD3-B72D-47B6-A68D-7590B98EB39B}
		{2D317762-E4C3-4FA8-BF22-D293CC345700} = {827E0CD3-B72D-47B6-A68D-7590B98EB39B}
		{D8277CF8-ACCB-463D-B03F-79A761F11878} = {827E0CD3-B72D-47B6-A68D-7590B98EB39B}
		{99533A34-43CD-4542-80B4-28E0D15D2AD0} = {827E0CD3-B72D-47B6-A68D-7590B98EB39B}
		{84DF9BB4-B435-4915-954E-DFF607AE3449} = {827E0CD3-B72D-47B6-A68D-7590B98EB39B}
	EndGlobalSection
EndGlobal
